
Microsoft Visual Studio Solution File, Format Version 10.00
# Visual C++ Express 2008
Project("{8BC9CEB8-8B4A-11D0-8D11-00A0C91BC942}") = "Engine", "Engine.vcproj", "{6D3E0FCC-7776-4D50-AA52-4CB8AAD6A1D2}"
EndProject
Global
	GlobalSection(SolutionConfigurationPlatforms) = preSolution
		Debug|Win32 = Debug|Win32
		Release|Win32 = Release|Win32
	EndGlobalSection
	GlobalSection(ProjectConfigurationPlatforms) = postSolution
		{6D3E0FCC-7776-4D50-AA52-4CB8AAD6A1D2}.Debug|Win32.ActiveCfg = Debug|Win32
		{6D3E0FCC-7776-4D50-AA52-4CB8AAD6A1D2}.Debug|Win32.Build.0 = Debug|Win32
		{6D3E0FCC-7776-4D50-AA52-4CB8AAD6A1D2}.Release|Win32.ActiveCfg = Release|Win32
		{6D3E0FCC-7776-4D50-AA52-4CB8AAD6A1D2}.Release|Win32.Build.0 = Release|Win32
	EndGlobalSection
	GlobalSection(SolutionProperties) = preSolution
		HideSolutionNode = FALSE
	EndGlobalSection
EndGlobal
